
Microsoft Visual Studio Solution File, Format Version 12.00
# Visual Studio Version 16
VisualStudioVersion = 16.0.30104.148
MinimumVisualStudioVersion = 10.0.40219.1
Project("{FAE04EC0-301F-11D3-BF4B-00C04F79EFBC}") = "AddInSampleLibrary", "AddInSampleLibrary\AddInSampleLibrary\AddInSampleLibrary.csproj", "{C529C106-DF81-4869-BCAF-A3ECED734723}"
EndProject
Project("{2150E333-8FDC-42A3-9474-1A3956D46DE8}") = "AddInSampleLibrary", "AddInSampleLibrary", "{74BFE4AF-9764-4466-A3CB-B612EB2451EF}"
EndProject
Project("{2150E333-8FDC-42A3-9474-1A3956D46DE8}") = "ExtensionWpfElementInteraction", "ExtensionWpfElementInteraction", "{32EFD897-0C20-4FD0-9C0B-742194EA3A9F}"
EndProject
Project("{FAE04EC0-301F-11D3-BF4B-00C04F79EFBC}") = "AddInCommunicationSample", "ExtensionWpfElementInteraction\AddInCommunicationSample\AddInCommunicationSample.csproj", "{02EC5210-EF83-4B82-B468-F45CF43D6DB4}"
EndProject
Project("{2150E333-8FDC-42A3-9474-1A3956D46DE8}") = "Add-In", "Add-In", "{4A5DEC25-871A-4075-BFE0-A88F3F46D639}"
EndProject
Project("{FAE04EC0-301F-11D3-BF4B-00C04F79EFBC}") = "CommunicationLibrary", "ExtensionWpfElementInteraction\CommunicationLibrary\CommunicationLibrary.csproj", "{7D224662-8842-4A44-8FE2-1177903757AC}"
EndProject
Project("{2150E333-8FDC-42A3-9474-1A3956D46DE8}") = "Wpf Element", "Wpf Element", "{D517100C-8F96-48D5-AF42-960095D9966B}"
EndProject
Project("{FAE04EC0-301F-11D3-BF4B-00C04F79EFBC}") = "SampleCommunicationListControl", "ExtensionWpfElementInteraction\SampleCommunicationListControl\SampleCommunicationListControl.csproj", "{922863CC-3AB6-4FFD-94F4-A00345BA0192}"
EndProject
Project("{FAE04EC0-301F-11D3-BF4B-00C04F79EFBC}") = "WpfElementCommunicationSample", "ExtensionWpfElementInteraction\WpfElementCommunicationSample\WpfElementCommunicationSample.csproj", "{452BBAC3-B0FF-4794-B8D9-83B66A6DCB31}"
EndProject
Project("{2150E333-8FDC-42A3-9474-1A3956D46DE8}") = "MvvmEditorWizard", "MvvmEditorWizard", "{1EA5516D-DC1D-4AFE-94A9-1513E2C9DBC0}"
EndProject
Project("{FAE04EC0-301F-11D3-BF4B-00C04F79EFBC}") = "MvvmEditorWizard", "MvvmEditorWizard\MvvmEditorWizard\MvvmEditorWizard.csproj", "{7F4CFCC1-77D2-44E4-AEE4-15C2E630C8BC}"
EndProject
Project("{2150E333-8FDC-42A3-9474-1A3956D46DE8}") = "ThreadingWizardSample", "ThreadingWizardSample", "{69620C10-7C83-4119-B424-6EA0EE33F565}"
EndProject
Project("{2150E333-8FDC-42A3-9474-1A3956D46DE8}") = "UnitTestsSample", "UnitTestsSample", "{B1FE8839-2B91-45BB-8526-E11EC18A3C1C}"
EndProject
Project("{2150E333-8FDC-42A3-9474-1A3956D46DE8}") = "VariableSubscriptionSample", "VariableSubscriptionSample", "{46C2060A-7DAD-457D-B7F9-C380EC71ECAF}"
EndProject
Project("{FAE04EC0-301F-11D3-BF4B-00C04F79EFBC}") = "VariableSubscriptionSample", "VariableSubscriptionSample\VariableSubscriptionSample\VariableSubscriptionSample.csproj", "{98D2B8C6-96E8-4A9E-93A0-D18D3A7B1A58}"
EndProject
Project("{FAE04EC0-301F-11D3-BF4B-00C04F79EFBC}") = "AddInSampleLibraryTests", "UnitTestsSample\AddInSampleLibraryTests\AddInSampleLibraryTests.csproj", "{CC0B46AD-6D8A-4211-9323-C21B95F857E6}"
EndProject
Project("{FAE04EC0-301F-11D3-BF4B-00C04F79EFBC}") = "ThreadingWizardSample", "ThreadingWizardSample\ThreadingWizardSample\ThreadingWizardSample.csproj", "{7A228235-5BDE-434D-93E6-30294C292601}"
EndProject
Project("{2150E333-8FDC-42A3-9474-1A3956D46DE8}") = "DriverConfigurationSamples", "DriverConfigurationSamples", "{24143FD9-4FDE-40F2-A5E2-72853989CCF1}"
EndProject
Project("{FAE04EC0-301F-11D3-BF4B-00C04F79EFBC}") = "DriverCommon", "DriverConfigurationSamples\DriverCommon\DriverCommon.csproj", "{91564894-0744-49B1-A503-E4C667076EAA}"
EndProject
Project("{FAE04EC0-301F-11D3-BF4B-00C04F79EFBC}") = "BURPVI_API", "DriverConfigurationSamples\BURPVI_API\BURPVI_API.csproj", "{5FFB48D5-E8FC-43C8-A2C0-021A2520B2D8}"
EndProject
Project("{FAE04EC0-301F-11D3-BF4B-00C04F79EFBC}") = "BeckhNG_API", "DriverConfigurationSamples\BeckhNG_API\BeckhNG_API.csproj", "{A7AFFDD2-0447-454B-B069-2A78870EC285}"
EndProject
Project("{FAE04EC0-301F-11D3-BF4B-00C04F79EFBC}") = "3S_V3_API", "DriverConfigurationSamples\3S_V3_API\3S_V3_API.csproj", "{9FA24E6A-823A-4E00-8A61-C3904A90799B}"
EndProject
Project("{FAE04EC0-301F-11D3-BF4B-00C04F79EFBC}") = "BACNetNG_API", "DriverConfigurationSamples\BACNetNG_API\BACNetNG_API.csproj", "{49A63CA4-8083-4D01-A81F-3F500F36F12F}"
EndProject
Project("{FAE04EC0-301F-11D3-BF4B-00C04F79EFBC}") = "CIFMPI_API", "DriverConfigurationSamples\CIFMPI_API\CIFMPI_API.csproj", "{055E0393-4B92-43F3-B382-8AD8397CC046}"
EndProject
Project("{FAE04EC0-301F-11D3-BF4B-00C04F79EFBC}") = "IEC850_API", "DriverConfigurationSamples\IEC850_API\IEC850_API.csproj", "{7FC03E36-C3F6-4B04-9175-89BC8F5498A3}"
EndProject
Project("{FAE04EC0-301F-11D3-BF4B-00C04F79EFBC}") = "Logix32_API", "DriverConfigurationSamples\Logix32_API\Logix32_API.csproj", "{9AF07B51-D886-47FC-B652-F44A07F29458}"
EndProject
Project("{FAE04EC0-301F-11D3-BF4B-00C04F79EFBC}") = "OPCUA32_API", "DriverConfigurationSamples\OPCUA32_API\OPCUA32_API.csproj", "{8279DA33-4EA0-46AD-89CB-8B71FD1B11D0}"
EndProject
Project("{FAE04EC0-301F-11D3-BF4B-00C04F79EFBC}") = "Phloem_API", "DriverConfigurationSamples\Phloem_API\Phloem_API.csproj", "{0E635B90-FC1C-4A4D-B371-5B8482BEFAE3}"
EndProject
Project("{FAE04EC0-301F-11D3-BF4B-00C04F79EFBC}") = "DNP3_TG_API", "DriverConfigurationSamples\DNP3_TG_API\DNP3_TG_API.csproj", "{C8B6EAAA-66C7-488E-B1E9-5B4DC29AA368}"
EndProject
Project("{2150E333-8FDC-42A3-9474-1A3956D46DE8}") = "ObjectCreationWithXmlImport", "ObjectCreationWithXmlImport", "{966DFC4A-E22B-46B5-9616-823223880B68}"
EndProject
Project("{FAE04EC0-301F-11D3-BF4B-00C04F79EFBC}") = "XmlImporter", "ObjectCreationWithXmlImport\XmlImporter.csproj", "{C1C6DE3B-8EC3-4414-849D-3DE25A0D063D}"
EndProject
Project("{2150E333-8FDC-42A3-9474-1A3956D46DE8}") = "DynamicFilterSample", "DynamicFilterSample", "{B302C844-2E80-40B1-ABE1-4FB45072D6A9}"
EndProject
Project("{FAE04EC0-301F-11D3-BF4B-00C04F79EFBC}") = "DynamicFilterSample", "DynamicFilteringSample\DynamicFilterSample\DynamicFilterSample.csproj", "{0449050D-513A-40BA-A23E-D14D278C8F0A}"
EndProject
Project("{2150E333-8FDC-42A3-9474-1A3956D46DE8}") = "VariableReadWrite", "VariableReadWrite", "{7AF57160-9365-4310-8438-12E4D8F7CF8E}"
EndProject
Project("{FAE04EC0-301F-11D3-BF4B-00C04F79EFBC}") = "VariableReadWrite", "VariableReadWrite\VariableReadWrite.csproj", "{F7141E95-5A4F-4B96-97CB-C603DB97EB69}"
EndProject
Project("{2150E333-8FDC-42A3-9474-1A3956D46DE8}") = "ClickUpDown", "ClickUpDown", "{8F7A01B5-BD8B-4CB7-8149-A7ABC2009D20}"
EndProject
Project("{FAE04EC0-301F-11D3-BF4B-00C04F79EFBC}") = "ClickUpDown", "ClickUpDown\ClickUpDown.csproj", "{B5753287-80CC-4109-9509-7F43C8029C86}"
EndProject
Global
	GlobalSection(SolutionConfigurationPlatforms) = preSolution
		Debug|Any CPU = Debug|Any CPU
		Release|Any CPU = Release|Any CPU
	EndGlobalSection
	GlobalSection(ProjectConfigurationPlatforms) = postSolution
		{C529C106-DF81-4869-BCAF-A3ECED734723}.Debug|Any CPU.ActiveCfg = Debug|Any CPU
		{C529C106-DF81-4869-BCAF-A3ECED734723}.Debug|Any CPU.Build.0 = Debug|Any CPU
		{C529C106-DF81-4869-BCAF-A3ECED734723}.Release|Any CPU.ActiveCfg = Release|Any CPU
		{C529C106-DF81-4869-BCAF-A3ECED734723}.Release|Any CPU.Build.0 = Release|Any CPU
		{02EC5210-EF83-4B82-B468-F45CF43D6DB4}.Debug|Any CPU.ActiveCfg = Debug|Any CPU
		{02EC5210-EF83-4B82-B468-F45CF43D6DB4}.Debug|Any CPU.Build.0 = Debug|Any CPU
		{02EC5210-EF83-4B82-B468-F45CF43D6DB4}.Debug|Any CPU.Deploy.0 = Debug|Any CPU
		{02EC5210-EF83-4B82-B468-F45CF43D6DB4}.Release|Any CPU.ActiveCfg = Release|Any CPU
		{02EC5210-EF83-4B82-B468-F45CF43D6DB4}.Release|Any CPU.Build.0 = Release|Any CPU
		{02EC5210-EF83-4B82-B468-F45CF43D6DB4}.Release|Any CPU.Deploy.0 = Release|Any CPU
		{7D224662-8842-4A44-8FE2-1177903757AC}.Debug|Any CPU.ActiveCfg = Debug|Any CPU
		{7D224662-8842-4A44-8FE2-1177903757AC}.Debug|Any CPU.Build.0 = Debug|Any CPU
		{7D224662-8842-4A44-8FE2-1177903757AC}.Release|Any CPU.ActiveCfg = Release|Any CPU
		{7D224662-8842-4A44-8FE2-1177903757AC}.Release|Any CPU.Build.0 = Release|Any CPU
		{922863CC-3AB6-4FFD-94F4-A00345BA0192}.Debug|Any CPU.ActiveCfg = Debug|Any CPU
		{922863CC-3AB6-4FFD-94F4-A00345BA0192}.Debug|Any CPU.Build.0 = Debug|Any CPU
		{922863CC-3AB6-4FFD-94F4-A00345BA0192}.Release|Any CPU.ActiveCfg = Release|Any CPU
		{922863CC-3AB6-4FFD-94F4-A00345BA0192}.Release|Any CPU.Build.0 = Release|Any CPU
		{452BBAC3-B0FF-4794-B8D9-83B66A6DCB31}.Debug|Any CPU.ActiveCfg = Debug|Any CPU
		{452BBAC3-B0FF-4794-B8D9-83B66A6DCB31}.Debug|Any CPU.Build.0 = Debug|Any CPU
		{452BBAC3-B0FF-4794-B8D9-83B66A6DCB31}.Release|Any CPU.ActiveCfg = Release|Any CPU
		{452BBAC3-B0FF-4794-B8D9-83B66A6DCB31}.Release|Any CPU.Build.0 = Release|Any CPU
		{7F4CFCC1-77D2-44E4-AEE4-15C2E630C8BC}.Debug|Any CPU.ActiveCfg = Debug|Any CPU
		{7F4CFCC1-77D2-44E4-AEE4-15C2E630C8BC}.Debug|Any CPU.Build.0 = Debug|Any CPU
		{7F4CFCC1-77D2-44E4-AEE4-15C2E630C8BC}.Debug|Any CPU.Deploy.0 = Debug|Any CPU
		{7F4CFCC1-77D2-44E4-AEE4-15C2E630C8BC}.Release|Any CPU.ActiveCfg = Release|Any CPU
		{7F4CFCC1-77D2-44E4-AEE4-15C2E630C8BC}.Release|Any CPU.Build.0 = Release|Any CPU
		{7F4CFCC1-77D2-44E4-AEE4-15C2E630C8BC}.Release|Any CPU.Deploy.0 = Release|Any CPU
		{98D2B8C6-96E8-4A9E-93A0-D18D3A7B1A58}.Debug|Any CPU.ActiveCfg = Debug|Any CPU
		{98D2B8C6-96E8-4A9E-93A0-D18D3A7B1A58}.Debug|Any CPU.Build.0 = Debug|Any CPU
		{98D2B8C6-96E8-4A9E-93A0-D18D3A7B1A58}.Debug|Any CPU.Deploy.0 = Debug|Any CPU
		{98D2B8C6-96E8-4A9E-93A0-D18D3A7B1A58}.Release|Any CPU.ActiveCfg = Release|Any CPU
		{98D2B8C6-96E8-4A9E-93A0-D18D3A7B1A58}.Release|Any CPU.Build.0 = Release|Any CPU
		{98D2B8C6-96E8-4A9E-93A0-D18D3A7B1A58}.Release|Any CPU.Deploy.0 = Release|Any CPU
		{CC0B46AD-6D8A-4211-9323-C21B95F857E6}.Debug|Any CPU.ActiveCfg = Debug|Any CPU
		{CC0B46AD-6D8A-4211-9323-C21B95F857E6}.Debug|Any CPU.Build.0 = Debug|Any CPU
		{CC0B46AD-6D8A-4211-9323-C21B95F857E6}.Release|Any CPU.ActiveCfg = Release|Any CPU
		{CC0B46AD-6D8A-4211-9323-C21B95F857E6}.Release|Any CPU.Build.0 = Release|Any CPU
		{7A228235-5BDE-434D-93E6-30294C292601}.Debug|Any CPU.ActiveCfg = Debug|Any CPU
		{7A228235-5BDE-434D-93E6-30294C292601}.Debug|Any CPU.Build.0 = Debug|Any CPU
		{7A228235-5BDE-434D-93E6-30294C292601}.Debug|Any CPU.Deploy.0 = Debug|Any CPU
		{7A228235-5BDE-434D-93E6-30294C292601}.Release|Any CPU.ActiveCfg = Release|Any CPU
		{7A228235-5BDE-434D-93E6-30294C292601}.Release|Any CPU.Build.0 = Release|Any CPU
		{7A228235-5BDE-434D-93E6-30294C292601}.Release|Any CPU.Deploy.0 = Release|Any CPU
		{91564894-0744-49B1-A503-E4C667076EAA}.Debug|Any CPU.ActiveCfg = Debug|Any CPU
		{91564894-0744-49B1-A503-E4C667076EAA}.Debug|Any CPU.Build.0 = Debug|Any CPU
		{91564894-0744-49B1-A503-E4C667076EAA}.Release|Any CPU.ActiveCfg = Release|Any CPU
		{91564894-0744-49B1-A503-E4C667076EAA}.Release|Any CPU.Build.0 = Release|Any CPU
		{5FFB48D5-E8FC-43C8-A2C0-021A2520B2D8}.Debug|Any CPU.ActiveCfg = Debug|Any CPU
		{5FFB48D5-E8FC-43C8-A2C0-021A2520B2D8}.Debug|Any CPU.Build.0 = Debug|Any CPU
		{5FFB48D5-E8FC-43C8-A2C0-021A2520B2D8}.Debug|Any CPU.Deploy.0 = Debug|Any CPU
		{5FFB48D5-E8FC-43C8-A2C0-021A2520B2D8}.Release|Any CPU.ActiveCfg = Release|Any CPU
		{5FFB48D5-E8FC-43C8-A2C0-021A2520B2D8}.Release|Any CPU.Build.0 = Release|Any CPU
		{5FFB48D5-E8FC-43C8-A2C0-021A2520B2D8}.Release|Any CPU.Deploy.0 = Release|Any CPU
		{A7AFFDD2-0447-454B-B069-2A78870EC285}.Debug|Any CPU.ActiveCfg = Debug|Any CPU
		{A7AFFDD2-0447-454B-B069-2A78870EC285}.Debug|Any CPU.Build.0 = Debug|Any CPU
		{A7AFFDD2-0447-454B-B069-2A78870EC285}.Debug|Any CPU.Deploy.0 = Debug|Any CPU
		{A7AFFDD2-0447-454B-B069-2A78870EC285}.Release|Any CPU.ActiveCfg = Release|Any CPU
		{A7AFFDD2-0447-454B-B069-2A78870EC285}.Release|Any CPU.Build.0 = Release|Any CPU
		{A7AFFDD2-0447-454B-B069-2A78870EC285}.Release|Any CPU.Deploy.0 = Release|Any CPU
		{9FA24E6A-823A-4E00-8A61-C3904A90799B}.Debug|Any CPU.ActiveCfg = Debug|Any CPU
		{9FA24E6A-823A-4E00-8A61-C3904A90799B}.Debug|Any CPU.Build.0 = Debug|Any CPU
		{9FA24E6A-823A-4E00-8A61-C3904A90799B}.Debug|Any CPU.Deploy.0 = Debug|Any CPU
		{9FA24E6A-823A-4E00-8A61-C3904A90799B}.Release|Any CPU.ActiveCfg = Release|Any CPU
		{9FA24E6A-823A-4E00-8A61-C3904A90799B}.Release|Any CPU.Build.0 = Release|Any CPU
		{9FA24E6A-823A-4E00-8A61-C3904A90799B}.Release|Any CPU.Deploy.0 = Release|Any CPU
		{49A63CA4-8083-4D01-A81F-3F500F36F12F}.Debug|Any CPU.ActiveCfg = Debug|Any CPU
		{49A63CA4-8083-4D01-A81F-3F500F36F12F}.Debug|Any CPU.Build.0 = Debug|Any CPU
		{49A63CA4-8083-4D01-A81F-3F500F36F12F}.Debug|Any CPU.Deploy.0 = Debug|Any CPU
		{49A63CA4-8083-4D01-A81F-3F500F36F12F}.Release|Any CPU.ActiveCfg = Release|Any CPU
		{49A63CA4-8083-4D01-A81F-3F500F36F12F}.Release|Any CPU.Build.0 = Release|Any CPU
		{49A63CA4-8083-4D01-A81F-3F500F36F12F}.Release|Any CPU.Deploy.0 = Release|Any CPU
		{055E0393-4B92-43F3-B382-8AD8397CC046}.Debug|Any CPU.ActiveCfg = Debug|Any CPU
		{055E0393-4B92-43F3-B382-8AD8397CC046}.Debug|Any CPU.Build.0 = Debug|Any CPU
		{055E0393-4B92-43F3-B382-8AD8397CC046}.Debug|Any CPU.Deploy.0 = Debug|Any CPU
		{055E0393-4B92-43F3-B382-8AD8397CC046}.Release|Any CPU.ActiveCfg = Release|Any CPU
		{055E0393-4B92-43F3-B382-8AD8397CC046}.Release|Any CPU.Build.0 = Release|Any CPU
		{055E0393-4B92-43F3-B382-8AD8397CC046}.Release|Any CPU.Deploy.0 = Release|Any CPU
		{7FC03E36-C3F6-4B04-9175-89BC8F5498A3}.Debug|Any CPU.ActiveCfg = Debug|Any CPU
		{7FC03E36-C3F6-4B04-9175-89BC8F5498A3}.Debug|Any CPU.Build.0 = Debug|Any CPU
		{7FC03E36-C3F6-4B04-9175-89BC8F5498A3}.Debug|Any CPU.Deploy.0 = Debug|Any CPU
		{7FC03E36-C3F6-4B04-9175-89BC8F5498A3}.Release|Any CPU.ActiveCfg = Release|Any CPU
		{7FC03E36-C3F6-4B04-9175-89BC8F5498A3}.Release|Any CPU.Build.0 = Release|Any CPU
		{7FC03E36-C3F6-4B04-9175-89BC8F5498A3}.Release|Any CPU.Deploy.0 = Release|Any CPU
		{9AF07B51-D886-47FC-B652-F44A07F29458}.Debug|Any CPU.ActiveCfg = Debug|Any CPU
		{9AF07B51-D886-47FC-B652-F44A07F29458}.Debug|Any CPU.Build.0 = Debug|Any CPU
		{9AF07B51-D886-47FC-B652-F44A07F29458}.Debug|Any CPU.Deploy.0 = Debug|Any CPU
		{9AF07B51-D886-47FC-B652-F44A07F29458}.Release|Any CPU.ActiveCfg = Release|Any CPU
		{9AF07B51-D886-47FC-B652-F44A07F29458}.Release|Any CPU.Build.0 = Release|Any CPU
		{9AF07B51-D886-47FC-B652-F44A07F29458}.Release|Any CPU.Deploy.0 = Release|Any CPU
		{8279DA33-4EA0-46AD-89CB-8B71FD1B11D0}.Debug|Any CPU.ActiveCfg = Debug|Any CPU
		{8279DA33-4EA0-46AD-89CB-8B71FD1B11D0}.Debug|Any CPU.Build.0 = Debug|Any CPU
		{8279DA33-4EA0-46AD-89CB-8B71FD1B11D0}.Debug|Any CPU.Deploy.0 = Debug|Any CPU
		{8279DA33-4EA0-46AD-89CB-8B71FD1B11D0}.Release|Any CPU.ActiveCfg = Release|Any CPU
		{8279DA33-4EA0-46AD-89CB-8B71FD1B11D0}.Release|Any CPU.Build.0 = Release|Any CPU
		{8279DA33-4EA0-46AD-89CB-8B71FD1B11D0}.Release|Any CPU.Deploy.0 = Release|Any CPU
		{0E635B90-FC1C-4A4D-B371-5B8482BEFAE3}.Debug|Any CPU.ActiveCfg = Debug|Any CPU
		{0E635B90-FC1C-4A4D-B371-5B8482BEFAE3}.Debug|Any CPU.Build.0 = Debug|Any CPU
		{0E635B90-FC1C-4A4D-B371-5B8482BEFAE3}.Debug|Any CPU.Deploy.0 = Debug|Any CPU
		{0E635B90-FC1C-4A4D-B371-5B8482BEFAE3}.Release|Any CPU.ActiveCfg = Release|Any CPU
		{0E635B90-FC1C-4A4D-B371-5B8482BEFAE3}.Release|Any CPU.Build.0 = Release|Any CPU
		{0E635B90-FC1C-4A4D-B371-5B8482BEFAE3}.Release|Any CPU.Deploy.0 = Release|Any CPU
		{C8B6EAAA-66C7-488E-B1E9-5B4DC29AA368}.Debug|Any CPU.ActiveCfg = Debug|Any CPU
		{C8B6EAAA-66C7-488E-B1E9-5B4DC29AA368}.Debug|Any CPU.Build.0 = Debug|Any CPU
		{C8B6EAAA-66C7-488E-B1E9-5B4DC29AA368}.Debug|Any CPU.Deploy.0 = Debug|Any CPU
		{C8B6EAAA-66C7-488E-B1E9-5B4DC29AA368}.Release|Any CPU.ActiveCfg = Release|Any CPU
		{C8B6EAAA-66C7-488E-B1E9-5B4DC29AA368}.Release|Any CPU.Build.0 = Release|Any CPU
		{C8B6EAAA-66C7-488E-B1E9-5B4DC29AA368}.Release|Any CPU.Deploy.0 = Release|Any CPU
		{C1C6DE3B-8EC3-4414-849D-3DE25A0D063D}.Debug|Any CPU.ActiveCfg = Debug|Any CPU
		{C1C6DE3B-8EC3-4414-849D-3DE25A0D063D}.Debug|Any CPU.Build.0 = Debug|Any CPU
		{C1C6DE3B-8EC3-4414-849D-3DE25A0D063D}.Debug|Any CPU.Deploy.0 = Debug|Any CPU
		{C1C6DE3B-8EC3-4414-849D-3DE25A0D063D}.Release|Any CPU.ActiveCfg = Release|Any CPU
		{C1C6DE3B-8EC3-4414-849D-3DE25A0D063D}.Release|Any CPU.Build.0 = Release|Any CPU
		{C1C6DE3B-8EC3-4414-849D-3DE25A0D063D}.Release|Any CPU.Deploy.0 = Release|Any CPU
		{0449050D-513A-40BA-A23E-D14D278C8F0A}.Debug|Any CPU.ActiveCfg = Debug|Any CPU
		{0449050D-513A-40BA-A23E-D14D278C8F0A}.Debug|Any CPU.Build.0 = Debug|Any CPU
		{0449050D-513A-40BA-A23E-D14D278C8F0A}.Debug|Any CPU.Deploy.0 = Debug|Any CPU
		{0449050D-513A-40BA-A23E-D14D278C8F0A}.Release|Any CPU.ActiveCfg = Release|Any CPU
		{0449050D-513A-40BA-A23E-D14D278C8F0A}.Release|Any CPU.Build.0 = Release|Any CPU
		{0449050D-513A-40BA-A23E-D14D278C8F0A}.Release|Any CPU.Deploy.0 = Release|Any CPU
		{F7141E95-5A4F-4B96-97CB-C603DB97EB69}.Debug|Any CPU.ActiveCfg = Debug|Any CPU
		{F7141E95-5A4F-4B96-97CB-C603DB97EB69}.Debug|Any CPU.Build.0 = Debug|Any CPU
		{F7141E95-5A4F-4B96-97CB-C603DB97EB69}.Debug|Any CPU.Deploy.0 = Debug|Any CPU
		{F7141E95-5A4F-4B96-97CB-C603DB97EB69}.Release|Any CPU.ActiveCfg = Release|Any CPU
		{F7141E95-5A4F-4B96-97CB-C603DB97EB69}.Release|Any CPU.Build.0 = Release|Any CPU
		{F7141E95-5A4F-4B96-97CB-C603DB97EB69}.Release|Any CPU.Deploy.0 = Release|Any CPU
		{B5753287-80CC-4109-9509-7F43C8029C86}.Debug|Any CPU.ActiveCfg = Debug|Any CPU
		{B5753287-80CC-4109-9509-7F43C8029C86}.Debug|Any CPU.Build.0 = Debug|Any CPU
		{B5753287-80CC-4109-9509-7F43C8029C86}.Debug|Any CPU.Deploy.0 = Debug|Any CPU
		{B5753287-80CC-4109-9509-7F43C8029C86}.Release|Any CPU.ActiveCfg = Release|Any CPU
		{B5753287-80CC-4109-9509-7F43C8029C86}.Release|Any CPU.Build.0 = Release|Any CPU
		{B5753287-80CC-4109-9509-7F43C8029C86}.Release|Any CPU.Deploy.0 = Release|Any CPU
	EndGlobalSection
	GlobalSection(SolutionProperties) = preSolution
		HideSolutionNode = FALSE
	EndGlobalSection
	GlobalSection(NestedProjects) = preSolution
		{C529C106-DF81-4869-BCAF-A3ECED734723} = {74BFE4AF-9764-4466-A3CB-B612EB2451EF}
		{02EC5210-EF83-4B82-B468-F45CF43D6DB4} = {4A5DEC25-871A-4075-BFE0-A88F3F46D639}
		{4A5DEC25-871A-4075-BFE0-A88F3F46D639} = {32EFD897-0C20-4FD0-9C0B-742194EA3A9F}
		{7D224662-8842-4A44-8FE2-1177903757AC} = {32EFD897-0C20-4FD0-9C0B-742194EA3A9F}
		{D517100C-8F96-48D5-AF42-960095D9966B} = {32EFD897-0C20-4FD0-9C0B-742194EA3A9F}
		{922863CC-3AB6-4FFD-94F4-A00345BA0192} = {D517100C-8F96-48D5-AF42-960095D9966B}
		{452BBAC3-B0FF-4794-B8D9-83B66A6DCB31} = {D517100C-8F96-48D5-AF42-960095D9966B}
		{7F4CFCC1-77D2-44E4-AEE4-15C2E630C8BC} = {1EA5516D-DC1D-4AFE-94A9-1513E2C9DBC0}
		{98D2B8C6-96E8-4A9E-93A0-D18D3A7B1A58} = {46C2060A-7DAD-457D-B7F9-C380EC71ECAF}
		{CC0B46AD-6D8A-4211-9323-C21B95F857E6} = {B1FE8839-2B91-45BB-8526-E11EC18A3C1C}
		{7A228235-5BDE-434D-93E6-30294C292601} = {69620C10-7C83-4119-B424-6EA0EE33F565}
		{91564894-0744-49B1-A503-E4C667076EAA} = {24143FD9-4FDE-40F2-A5E2-72853989CCF1}
		{5FFB48D5-E8FC-43C8-A2C0-021A2520B2D8} = {24143FD9-4FDE-40F2-A5E2-72853989CCF1}
		{A7AFFDD2-0447-454B-B069-2A78870EC285} = {24143FD9-4FDE-40F2-A5E2-72853989CCF1}
		{9FA24E6A-823A-4E00-8A61-C3904A90799B} = {24143FD9-4FDE-40F2-A5E2-72853989CCF1}
		{49A63CA4-8083-4D01-A81F-3F500F36F12F} = {24143FD9-4FDE-40F2-A5E2-72853989CCF1}
		{055E0393-4B92-43F3-B382-8AD8397CC046} = {24143FD9-4FDE-40F2-A5E2-72853989CCF1}
		{7FC03E36-C3F6-4B04-9175-89BC8F5498A3} = {24143FD9-4FDE-40F2-A5E2-72853989CCF1}
		{9AF07B51-D886-47FC-B652-F44A07F29458} = {24143FD9-4FDE-40F2-A5E2-72853989CCF1}
		{8279DA33-4EA0-46AD-89CB-8B71FD1B11D0} = {24143FD9-4FDE-40F2-A5E2-72853989CCF1}
		{0E635B90-FC1C-4A4D-B371-5B8482BEFAE3} = {24143FD9-4FDE-40F2-A5E2-72853989CCF1}
		{C8B6EAAA-66C7-488E-B1E9-5B4DC29AA368} = {24143FD9-4FDE-40F2-A5E2-72853989CCF1}
		{C1C6DE3B-8EC3-4414-849D-3DE25A0D063D} = {966DFC4A-E22B-46B5-9616-823223880B68}
		{0449050D-513A-40BA-A23E-D14D278C8F0A} = {B302C844-2E80-40B1-ABE1-4FB45072D6A9}
		{F7141E95-5A4F-4B96-97CB-C603DB97EB69} = {7AF57160-9365-4310-8438-12E4D8F7CF8E}
		{B5753287-80CC-4109-9509-7F43C8029C86} = {8F7A01B5-BD8B-4CB7-8149-A7ABC2009D20}
	EndGlobalSection
	GlobalSection(ExtensibilityGlobals) = postSolution
		SolutionGuid = {C878EAA6-231E-4DCC-BDA0-4F850D285C77}
	EndGlobalSection
EndGlobal
